
Microsoft Visual Studio Solution File, Format Version 12.00
# Visual Studio 14
VisualStudioVersion = 14.0.23107.0
MinimumVisualStudioVersion = 10.0.40219.1
Project("{2150E333-8FDC-42A3-9474-1A3956D46DE8}") = "src", "src", "{19CDE9F7-EDE1-4D43-9DB4-E8AF6239012F}"
EndProject
Project("{2150E333-8FDC-42A3-9474-1A3956D46DE8}") = "Solution Items", "Solution Items", "{13E7CC22-977D-4F62-9EFA-2061DEA02E06}"
	ProjectSection(SolutionItems) = preProject
		global.json = global.json
	EndProjectSection
EndProject
Project("{8BB2217D-0F2D-49D1-97BC-3654ED321F3B}") = "Startup-Wednesday", "src\Startup-Wednesday\Startup-Wednesday.xproj", "{C2748A4E-7650-47A3-927D-396922F51301}"
EndProject
Global
	GlobalSection(SolutionConfigurationPlatforms) = preSolution
		Debug|Any CPU = Debug|Any CPU
		Release|Any CPU = Release|Any CPU
	EndGlobalSection
	GlobalSection(ProjectConfigurationPlatforms) = postSolution
		{C2748A4E-7650-47A3-927D-396922F51301}.Debug|Any CPU.ActiveCfg = Debug|Any CPU
		{C2748A4E-7650-47A3-927D-396922F51301}.Debug|Any CPU.Build.0 = Debug|Any CPU
		{C2748A4E-7650-47A3-927D-396922F51301}.Release|Any CPU.ActiveCfg = Release|Any CPU
		{C2748A4E-7650-47A3-927D-396922F51301}.Release|Any CPU.Build.0 = Release|Any CPU
	EndGlobalSection
	GlobalSection(SolutionProperties) = preSolution
		HideSolutionNode = FALSE
	EndGlobalSection
	GlobalSection(NestedProjects) = preSolution
		{C2748A4E-7650-47A3-927D-396922F51301} = {19CDE9F7-EDE1-4D43-9DB4-E8AF6239012F}
	EndGlobalSection
EndGlobal
